
Microsoft Visual Studio Solution File, Format Version 11.00
# Visual Studio 2010
Project("{FAE04EC0-301F-11D3-BF4B-00C04F79EFBC}") = "Assembly-CSharp", "Assembly-CSharp.csproj", "{52CB325C-815F-859F-EEF3-91C3B4734846}"
EndProject
Project("{FAE04EC0-301F-11D3-BF4B-00C04F79EFBC}") = "Assembly-CSharp-Editor", "Assembly-CSharp-Editor.csproj", "{BF5AD299-1846-7761-44FC-0859A237A328}"
EndProject
Global
	GlobalSection(SolutionConfigurationPlatforms) = preSolution
		Debug|Any CPU = Debug|Any CPU
		Release|Any CPU = Release|Any CPU
	EndGlobalSection
	GlobalSection(ProjectConfigurationPlatforms) = postSolution
		{52CB325C-815F-859F-EEF3-91C3B4734846}.Debug|Any CPU.ActiveCfg = Debug|Any CPU
		{52CB325C-815F-859F-EEF3-91C3B4734846}.Debug|Any CPU.Build.0 = Debug|Any CPU
		{52CB325C-815F-859F-EEF3-91C3B4734846}.Release|Any CPU.ActiveCfg = Release|Any CPU
		{52CB325C-815F-859F-EEF3-91C3B4734846}.Release|Any CPU.Build.0 = Release|Any CPU
		{BF5AD299-1846-7761-44FC-0859A237A328}.Debug|Any CPU.ActiveCfg = Debug|Any CPU
		{BF5AD299-1846-7761-44FC-0859A237A328}.Debug|Any CPU.Build.0 = Debug|Any CPU
		{BF5AD299-1846-7761-44FC-0859A237A328}.Release|Any CPU.ActiveCfg = Release|Any CPU
		{BF5AD299-1846-7761-44FC-0859A237A328}.Release|Any CPU.Build.0 = Release|Any CPU
	EndGlobalSection
	GlobalSection(SolutionProperties) = preSolution
		HideSolutionNode = FALSE
	EndGlobalSection
EndGlobal
